<?xml version="1.0" encoding="utf-8"?>
<Project ToolsVersion="4.0" xmlns="http://schemas.microsoft.com/developer/msbuild/2003">
  <ItemGroup>
    <Filter Include="Source Files">
      <UniqueIdentifier>{4FC737F1-C7A5-4376-A066-2A32D752A2FF}</UniqueIdentifier>
      <Extensions>cpp;c;cc;cxx;c++;cppm;ixx;def;odl;idl;hpj;bat;asm;asmx</Extensions>
    </Filter>
    <Filter Include="Header Files">
      <UniqueIdentifier>{93995380-89BD-4b04-88EB-625FBE52EBFB}</UniqueIdentifier>
      <Extensions>h;hh;hpp;hxx;h++;hm;inl;inc;ipp;xsd</Extensions>
    </Filter>
    <Filter Include="Resource Files">
      <UniqueIdentifier>{67DA6AB6-F800-4c08-8B7A-83BB121AAD01}</UniqueIdentifier>
      <Extensions>rc;ico;cur;bmp;dlg;rc2;rct;bin;rgs;gif;jpg;jpeg;jpe;resx;tiff;tif;png;wav;mfcribbon-ms</Extensions>
    </Filter>
    <Filter Include="Source Files\Components">
      <UniqueIdentifier>{ac778bc8-8bf9-4848-9f01-983497c45f53}</UniqueIdentifier>
    </Filter>
    <Filter Include="Source Files\Classes">
      <UniqueIdentifier>{1a2005b0-ebc2-4328-a051-1ab5156d7fd3}</UniqueIdentifier>
    </Filter>
  </ItemGroup>
  <ItemGroup>
    <ClCompile Include="source\main.cpp">
      <Filter>Source Files</Filter>
    </ClCompile>
    <ClCompile Include="source\Application.cpp">
      <Filter>Source Files</Filter>
    </ClCompile>
    <ClCompile Include="source\TimeManager.cpp">
      <Filter>Source Files</Filter>
    </ClCompile>
    <ClCompile Include="source\Components\Component.cpp">
      <Filter>Source Files\Components</Filter>
    </ClCompile>
    <ClCompile Include="source\Components\Controller.cpp">
      <Filter>Source Files\Components</Filter>
    </ClCompile>
    <ClCompile Include="source\Components\MovementComponent.cpp">
      <Filter>Source Files\Components</Filter>
    </ClCompile>
    <ClCompile Include="source\Components\RectTransform.cpp">
      <Filter>Source Files\Components</Filter>
    </ClCompile>
    <ClCompile Include="source\Components\Renderer2D.cpp">
      <Filter>Source Files\Components</Filter>
    </ClCompile>
    <ClCompile Include="source\Classes\GameObject.cpp">
      <Filter>Source Files\Classes</Filter>
    </ClCompile>
    <ClCompile Include="source\Classes\Sprite.cpp">
      <Filter>Source Files</Filter>
    </ClCompile>
    <ClCompile Include="source\Classes\Area2D.cpp">
      <Filter>Source Files</Filter>
    </ClCompile>
    <ClCompile Include="source\Classes\Character.cpp">
      <Filter>Source Files</Filter>
    </ClCompile>
  </ItemGroup>
  <ItemGroup>
    <ClInclude Include="source\Application.h">
      <Filter>Source Files</Filter>
    </ClInclude>
    <ClInclude Include="source\TimeManager.h">
      <Filter>Source Files</Filter>
    </ClInclude>
    <ClInclude Include="source\Components\Component.h">
      <Filter>Source Files\Components</Filter>
    </ClInclude>
    <ClInclude Include="source\Components\Controller.h">
      <Filter>Source Files\Components</Filter>
    </ClInclude>
    <ClInclude Include="source\Components\MovementComponent.h">
      <Filter>Source Files\Components</Filter>
    </ClInclude>
    <ClInclude Include="source\Components\RectTransform.h">
      <Filter>Source Files\Components</Filter>
    </ClInclude>
    <ClInclude Include="source\Components\Renderer2D.h">
      <Filter>Source Files\Components</Filter>
    </ClInclude>
    <ClInclude Include="source\Classes\GameObject.h">
      <Filter>Source Files\Classes</Filter>
    </ClInclude>
    <ClInclude Include="source\Classes\IDrawable.h">
      <Filter>Source Files\Classes</Filter>
    </ClInclude>
    <ClInclude Include="source\Classes\Itickable.h">
      <Filter>Source Files\Classes</Filter>
    </ClInclude>
    <ClInclude Include="source\Classes\Object.h">
      <Filter>Source Files\Classes</Filter>
    </ClInclude>
    <ClInclude Include="source\Classes\Sprite.h">
      <Filter>Header Files</Filter>
    </ClInclude>
    <ClInclude Include="source\Classes\Area2D.h">
      <Filter>Header Files</Filter>
    </ClInclude>
    <ClInclude Include="source\Classes\Character.h">
      <Filter>Header Files</Filter>
    </ClInclude>
  </ItemGroup>
</Project>